
Microsoft Visual Studio Solution File, Format Version 12.00
# Visual Studio Version 17
VisualStudioVersion = 17.12.35527.113 d17.12
MinimumVisualStudioVersion = 10.0.40219.1
Project("{FAE04EC0-301F-11D3-BF4B-00C04F79EFBC}") = "MainLedger.API", "MainLedger.API\MainLedger.API.csproj", "{EB64CAF0-8D67-4633-B6B2-2F0EFBF1B2A9}"
EndProject
Project("{FAE04EC0-301F-11D3-BF4B-00C04F79EFBC}") = "MainLedger.Arquitecture", "MainLedger.Arquitecture\MainLedger.Arquitecture.csproj", "{B585546D-09A1-4FDB-802D-C30C396DD34B}"
EndProject
Project("{FAE04EC0-301F-11D3-BF4B-00C04F79EFBC}") = "MainLedger.Application", "MainLedger.Application\MainLedger.Application.csproj", "{1D9FEDD9-F796-4C64-8A90-9F2D05F1728F}"
EndProject
Project("{FAE04EC0-301F-11D3-BF4B-00C04F79EFBC}") = "MainLedger.Domain", "MainLedger.Domain\MainLedger.Domain.csproj", "{C1BC57E3-8755-4766-8419-FE860B8C6B1A}"
EndProject
Project("{FAE04EC0-301F-11D3-BF4B-00C04F79EFBC}") = "MainLedger.Integrations", "MainLedger.Integrations\MainLedger.Integrations.csproj", "{F2DAC6EC-74D8-42CD-AD15-1B27F42E4B9C}"
EndProject
Project("{FAE04EC0-301F-11D3-BF4B-00C04F79EFBC}") = "MainLedger.Contracts", "MainLedger.Contracts\MainLedger.Contracts.csproj", "{BF03D20A-C61A-421B-A8EB-2B9F41C8DA2A}"
EndProject
Project("{FAE04EC0-301F-11D3-BF4B-00C04F79EFBC}") = "MainLedger.Shared", "MainLedger.Shared\MainLedger.Shared.csproj", "{60D651BF-9CC1-430F-8D1B-CDE39A57D560}"
EndProject
Global
	GlobalSection(SolutionConfigurationPlatforms) = preSolution
		Debug|Any CPU = Debug|Any CPU
		Release|Any CPU = Release|Any CPU
	EndGlobalSection
	GlobalSection(ProjectConfigurationPlatforms) = postSolution
		{EB64CAF0-8D67-4633-B6B2-2F0EFBF1B2A9}.Debug|Any CPU.ActiveCfg = Debug|Any CPU
		{EB64CAF0-8D67-4633-B6B2-2F0EFBF1B2A9}.Debug|Any CPU.Build.0 = Debug|Any CPU
		{EB64CAF0-8D67-4633-B6B2-2F0EFBF1B2A9}.Release|Any CPU.ActiveCfg = Release|Any CPU
		{EB64CAF0-8D67-4633-B6B2-2F0EFBF1B2A9}.Release|Any CPU.Build.0 = Release|Any CPU
		{B585546D-09A1-4FDB-802D-C30C396DD34B}.Debug|Any CPU.ActiveCfg = Debug|Any CPU
		{B585546D-09A1-4FDB-802D-C30C396DD34B}.Debug|Any CPU.Build.0 = Debug|Any CPU
		{B585546D-09A1-4FDB-802D-C30C396DD34B}.Release|Any CPU.ActiveCfg = Release|Any CPU
		{B585546D-09A1-4FDB-802D-C30C396DD34B}.Release|Any CPU.Build.0 = Release|Any CPU
		{1D9FEDD9-F796-4C64-8A90-9F2D05F1728F}.Debug|Any CPU.ActiveCfg = Debug|Any CPU
		{1D9FEDD9-F796-4C64-8A90-9F2D05F1728F}.Debug|Any CPU.Build.0 = Debug|Any CPU
		{1D9FEDD9-F796-4C64-8A90-9F2D05F1728F}.Release|Any CPU.ActiveCfg = Release|Any CPU
		{1D9FEDD9-F796-4C64-8A90-9F2D05F1728F}.Release|Any CPU.Build.0 = Release|Any CPU
		{C1BC57E3-8755-4766-8419-FE860B8C6B1A}.Debug|Any CPU.ActiveCfg = Debug|Any CPU
		{C1BC57E3-8755-4766-8419-FE860B8C6B1A}.Debug|Any CPU.Build.0 = Debug|Any CPU
		{C1BC57E3-8755-4766-8419-FE860B8C6B1A}.Release|Any CPU.ActiveCfg = Release|Any CPU
		{C1BC57E3-8755-4766-8419-FE860B8C6B1A}.Release|Any CPU.Build.0 = Release|Any CPU
		{F2DAC6EC-74D8-42CD-AD15-1B27F42E4B9C}.Debug|Any CPU.ActiveCfg = Debug|Any CPU
		{F2DAC6EC-74D8-42CD-AD15-1B27F42E4B9C}.Debug|Any CPU.Build.0 = Debug|Any CPU
		{F2DAC6EC-74D8-42CD-AD15-1B27F42E4B9C}.Release|Any CPU.ActiveCfg = Release|Any CPU
		{F2DAC6EC-74D8-42CD-AD15-1B27F42E4B9C}.Release|Any CPU.Build.0 = Release|Any CPU
		{BF03D20A-C61A-421B-A8EB-2B9F41C8DA2A}.Debug|Any CPU.ActiveCfg = Debug|Any CPU
		{BF03D20A-C61A-421B-A8EB-2B9F41C8DA2A}.Debug|Any CPU.Build.0 = Debug|Any CPU
		{BF03D20A-C61A-421B-A8EB-2B9F41C8DA2A}.Release|Any CPU.ActiveCfg = Release|Any CPU
		{BF03D20A-C61A-421B-A8EB-2B9F41C8DA2A}.Release|Any CPU.Build.0 = Release|Any CPU
		{60D651BF-9CC1-430F-8D1B-CDE39A57D560}.Debug|Any CPU.ActiveCfg = Debug|Any CPU
		{60D651BF-9CC1-430F-8D1B-CDE39A57D560}.Debug|Any CPU.Build.0 = Debug|Any CPU
		{60D651BF-9CC1-430F-8D1B-CDE39A57D560}.Release|Any CPU.ActiveCfg = Release|Any CPU
		{60D651BF-9CC1-430F-8D1B-CDE39A57D560}.Release|Any CPU.Build.0 = Release|Any CPU
	EndGlobalSection
	GlobalSection(SolutionProperties) = preSolution
		HideSolutionNode = FALSE
	EndGlobalSection
EndGlobal
